
Microsoft Visual Studio Solution File, Format Version 12.00
# Visual Studio 14
VisualStudioVersion = 14.0.25420.1
MinimumVisualStudioVersion = 10.0.40219.1
Project("{FAE04EC0-301F-11D3-BF4B-00C04F79EFBC}") = "Grades", "Grades\Grades.csproj", "{EB21D48F-908A-488F-9EDA-A65C93D9B009}"
EndProject
Project("{FAE04EC0-301F-11D3-BF4B-00C04F79EFBC}") = "Grade.Test", "Grade.Test\Grade.Test.csproj", "{1856E652-8BA6-4714-A6EC-F9787D0E9A9F}"
EndProject
Global
	GlobalSection(SolutionConfigurationPlatforms) = preSolution
		Debug|Any CPU = Debug|Any CPU
		Release|Any CPU = Release|Any CPU
	EndGlobalSection
	GlobalSection(ProjectConfigurationPlatforms) = postSolution
		{EB21D48F-908A-488F-9EDA-A65C93D9B009}.Debug|Any CPU.ActiveCfg = Debug|Any CPU
		{EB21D48F-908A-488F-9EDA-A65C93D9B009}.Debug|Any CPU.Build.0 = Debug|Any CPU
		{EB21D48F-908A-488F-9EDA-A65C93D9B009}.Release|Any CPU.ActiveCfg = Release|Any CPU
		{EB21D48F-908A-488F-9EDA-A65C93D9B009}.Release|Any CPU.Build.0 = Release|Any CPU
		{1856E652-8BA6-4714-A6EC-F9787D0E9A9F}.Debug|Any CPU.ActiveCfg = Debug|Any CPU
		{1856E652-8BA6-4714-A6EC-F9787D0E9A9F}.Debug|Any CPU.Build.0 = Debug|Any CPU
		{1856E652-8BA6-4714-A6EC-F9787D0E9A9F}.Release|Any CPU.ActiveCfg = Release|Any CPU
		{1856E652-8BA6-4714-A6EC-F9787D0E9A9F}.Release|Any CPU.Build.0 = Release|Any CPU
	EndGlobalSection
	GlobalSection(SolutionProperties) = preSolution
		HideSolutionNode = FALSE
	EndGlobalSection
EndGlobal
